
Microsoft Visual Studio Solution File, Format Version 12.00
# Visual Studio Version 17
VisualStudioVersion = 17.7.34024.191
MinimumVisualStudioVersion = 10.0.40219.1
Project("{FAE04EC0-301F-11D3-BF4B-00C04F79EFBC}") = "lab5", "lab5\lab5.csproj", "{EBC00E0E-057E-4095-B3B8-967FE9F2E07F}"
EndProject
Global
	GlobalSection(SolutionConfigurationPlatforms) = preSolution
		Debug|Any CPU = Debug|Any CPU
		Release|Any CPU = Release|Any CPU
	EndGlobalSection
	GlobalSection(ProjectConfigurationPlatforms) = postSolution
		{EBC00E0E-057E-4095-B3B8-967FE9F2E07F}.Debug|Any CPU.ActiveCfg = Debug|Any CPU
		{EBC00E0E-057E-4095-B3B8-967FE9F2E07F}.Debug|Any CPU.Build.0 = Debug|Any CPU
		{EBC00E0E-057E-4095-B3B8-967FE9F2E07F}.Release|Any CPU.ActiveCfg = Release|Any CPU
		{EBC00E0E-057E-4095-B3B8-967FE9F2E07F}.Release|Any CPU.Build.0 = Release|Any CPU
	EndGlobalSection
	GlobalSection(SolutionProperties) = preSolution
		HideSolutionNode = FALSE
	EndGlobalSection
	GlobalSection(ExtensibilityGlobals) = postSolution
		SolutionGuid = {6BC78818-C7CE-4BF8-9532-767FF824C535}
	EndGlobalSection
EndGlobal
