
Microsoft Visual Studio Solution File, Format Version 12.00
# Visual Studio Version 16
VisualStudioVersion = 16.0.33801.447
MinimumVisualStudioVersion = 10.0.40219.1
Project("{FAE04EC0-301F-11D3-BF4B-00C04F79EFBC}") = "WindowsFormsApp10", "WindowsFormsApp10\WindowsFormsApp10.csproj", "{59348262-28A1-49BD-A60E-94FF9B9F95CB}"
EndProject
Global
	GlobalSection(SolutionConfigurationPlatforms) = preSolution
		Debug|Any CPU = Debug|Any CPU
		Release|Any CPU = Release|Any CPU
	EndGlobalSection
	GlobalSection(ProjectConfigurationPlatforms) = postSolution
		{59348262-28A1-49BD-A60E-94FF9B9F95CB}.Debug|Any CPU.ActiveCfg = Debug|Any CPU
		{59348262-28A1-49BD-A60E-94FF9B9F95CB}.Debug|Any CPU.Build.0 = Debug|Any CPU
		{59348262-28A1-49BD-A60E-94FF9B9F95CB}.Release|Any CPU.ActiveCfg = Release|Any CPU
		{59348262-28A1-49BD-A60E-94FF9B9F95CB}.Release|Any CPU.Build.0 = Release|Any CPU
	EndGlobalSection
	GlobalSection(SolutionProperties) = preSolution
		HideSolutionNode = FALSE
	EndGlobalSection
	GlobalSection(ExtensibilityGlobals) = postSolution
		SolutionGuid = {390B21B1-1991-4334-9A80-A1A1F9BC6BEA}
	EndGlobalSection
EndGlobal
