
Microsoft Visual Studio Solution File, Format Version 12.00
# Visual Studio Version 17
VisualStudioVersion = 17.4.33122.133
MinimumVisualStudioVersion = 10.0.40219.1
Project("{FAE04EC0-301F-11D3-BF4B-00C04F79EFBC}") = "WinFormsApp1", "WinFormsApp1\WinFormsApp1.csproj", "{28998E40-7046-4FCD-BEDB-A157D6497844}"
EndProject
Global
	GlobalSection(SolutionConfigurationPlatforms) = preSolution
		Debug|Any CPU = Debug|Any CPU
		Release|Any CPU = Release|Any CPU
	EndGlobalSection
	GlobalSection(ProjectConfigurationPlatforms) = postSolution
		{28998E40-7046-4FCD-BEDB-A157D6497844}.Debug|Any CPU.ActiveCfg = Debug|Any CPU
		{28998E40-7046-4FCD-BEDB-A157D6497844}.Debug|Any CPU.Build.0 = Debug|Any CPU
		{28998E40-7046-4FCD-BEDB-A157D6497844}.Release|Any CPU.ActiveCfg = Release|Any CPU
		{28998E40-7046-4FCD-BEDB-A157D6497844}.Release|Any CPU.Build.0 = Release|Any CPU
	EndGlobalSection
	GlobalSection(SolutionProperties) = preSolution
		HideSolutionNode = FALSE
	EndGlobalSection
	GlobalSection(ExtensibilityGlobals) = postSolution
		SolutionGuid = {6C584011-AFC1-401E-A0F5-6F7B3A970504}
	EndGlobalSection
EndGlobal
